
Microsoft Visual Studio Solution File, Format Version 10.00
# Visual C++ Express 2008
Project("{8BC9CEB8-8B4A-11D0-8D11-00A0C91BC942}") = "hox_Client", "hox_Client\hox_Client.vcproj", "{7627981C-F1B1-4629-A7F2-B6F9A19402A5}"
EndProject
Project("{8BC9CEB8-8B4A-11D0-8D11-00A0C91BC942}") = "AI_robot", "AI_robot\AI_robot.vcproj", "{812CC698-398B-440A-8648-39BEDD8E0F49}"
EndProject
Project("{8BC9CEB8-8B4A-11D0-8D11-00A0C91BC942}") = "AI_XQWLight", "plugins\AI_XQWLight\AI_XQWLight.vcproj", "{C1512DC9-21EA-410C-A0BD-CAC4881F87D9}"
EndProject
Project("{8BC9CEB8-8B4A-11D0-8D11-00A0C91BC942}") = "AI_MaxQi", "plugins\AI_MaxQi\AI_MaxQi.vcproj", "{6757F1CF-397D-48CA-B927-8C2B739EB821}"
EndProject
Project("{8BC9CEB8-8B4A-11D0-8D11-00A0C91BC942}") = "AI_Folium", "plugins\AI_Folium\AI_Folium.vcproj", "{3615D26F-04D7-417A-8ACC-4DCE5E1882CB}"
EndProject
Project("{8BC9CEB8-8B4A-11D0-8D11-00A0C91BC942}") = "AI_TSITO", "plugins\AI_TSITO\AI_TSITO.vcproj", "{7B8EE86A-42F9-4CC8-A587-D93079C1C484}"
EndProject
Global
	GlobalSection(SolutionConfigurationPlatforms) = preSolution
		Debug|Win32 = Debug|Win32
		Release|Win32 = Release|Win32
	EndGlobalSection
	GlobalSection(ProjectConfigurationPlatforms) = postSolution
		{7627981C-F1B1-4629-A7F2-B6F9A19402A5}.Debug|Win32.ActiveCfg = Debug|Win32
		{7627981C-F1B1-4629-A7F2-B6F9A19402A5}.Debug|Win32.Build.0 = Debug|Win32
		{7627981C-F1B1-4629-A7F2-B6F9A19402A5}.Release|Win32.ActiveCfg = Release|Win32
		{7627981C-F1B1-4629-A7F2-B6F9A19402A5}.Release|Win32.Build.0 = Release|Win32
		{812CC698-398B-440A-8648-39BEDD8E0F49}.Debug|Win32.ActiveCfg = Debug|Win32
		{812CC698-398B-440A-8648-39BEDD8E0F49}.Debug|Win32.Build.0 = Debug|Win32
		{812CC698-398B-440A-8648-39BEDD8E0F49}.Release|Win32.ActiveCfg = Release|Win32
		{812CC698-398B-440A-8648-39BEDD8E0F49}.Release|Win32.Build.0 = Release|Win32
		{C1512DC9-21EA-410C-A0BD-CAC4881F87D9}.Debug|Win32.ActiveCfg = Debug|Win32
		{C1512DC9-21EA-410C-A0BD-CAC4881F87D9}.Debug|Win32.Build.0 = Debug|Win32
		{C1512DC9-21EA-410C-A0BD-CAC4881F87D9}.Release|Win32.ActiveCfg = Release|Win32
		{C1512DC9-21EA-410C-A0BD-CAC4881F87D9}.Release|Win32.Build.0 = Release|Win32
		{6757F1CF-397D-48CA-B927-8C2B739EB821}.Debug|Win32.ActiveCfg = Debug|Win32
		{6757F1CF-397D-48CA-B927-8C2B739EB821}.Debug|Win32.Build.0 = Debug|Win32
		{6757F1CF-397D-48CA-B927-8C2B739EB821}.Release|Win32.ActiveCfg = Release|Win32
		{6757F1CF-397D-48CA-B927-8C2B739EB821}.Release|Win32.Build.0 = Release|Win32
		{3615D26F-04D7-417A-8ACC-4DCE5E1882CB}.Debug|Win32.ActiveCfg = Debug|Win32
		{3615D26F-04D7-417A-8ACC-4DCE5E1882CB}.Debug|Win32.Build.0 = Debug|Win32
		{3615D26F-04D7-417A-8ACC-4DCE5E1882CB}.Release|Win32.ActiveCfg = Release|Win32
		{3615D26F-04D7-417A-8ACC-4DCE5E1882CB}.Release|Win32.Build.0 = Release|Win32
		{7B8EE86A-42F9-4CC8-A587-D93079C1C484}.Debug|Win32.ActiveCfg = Debug|Win32
		{7B8EE86A-42F9-4CC8-A587-D93079C1C484}.Debug|Win32.Build.0 = Debug|Win32
		{7B8EE86A-42F9-4CC8-A587-D93079C1C484}.Release|Win32.ActiveCfg = Release|Win32
		{7B8EE86A-42F9-4CC8-A587-D93079C1C484}.Release|Win32.Build.0 = Release|Win32
	EndGlobalSection
	GlobalSection(SolutionProperties) = preSolution
		HideSolutionNode = FALSE
	EndGlobalSection
EndGlobal
