
Microsoft Visual Studio Solution File, Format Version 10.00
# Visual C++ Express 2008
Project("{8BC9CEB8-8B4A-11D0-8D11-00A0C91BC942}") = "hox_Client", "hox_Client\hox_Client.vcproj", "{7627981C-F1B1-4629-A7F2-B6F9A19402A5}"
EndProject
Project("{8BC9CEB8-8B4A-11D0-8D11-00A0C91BC942}") = "Test", "Test\Test.vcproj", "{B3C5A938-1853-49BD-8614-7B0E5A783A56}"
EndProject
Project("{8BC9CEB8-8B4A-11D0-8D11-00A0C91BC942}") = "AI_folium", "AI_folium\AI_folium.vcproj", "{812CC698-398B-440A-8648-39BEDD8E0F49}"
EndProject
Global
	GlobalSection(SolutionConfigurationPlatforms) = preSolution
		Debug|Win32 = Debug|Win32
		DLL Debug|Win32 = DLL Debug|Win32
		DLL Release|Win32 = DLL Release|Win32
		DLL Unicode Debug|Win32 = DLL Unicode Debug|Win32
		DLL Unicode Release|Win32 = DLL Unicode Release|Win32
		DLL Universal Debug|Win32 = DLL Universal Debug|Win32
		DLL Universal Release|Win32 = DLL Universal Release|Win32
		DLL Universal Unicode Debug|Win32 = DLL Universal Unicode Debug|Win32
		DLL Universal Unicode Release|Win32 = DLL Universal Unicode Release|Win32
		Release|Win32 = Release|Win32
		Unicode Debug|Win32 = Unicode Debug|Win32
		Unicode Release|Win32 = Unicode Release|Win32
		Universal Debug|Win32 = Universal Debug|Win32
		Universal Release|Win32 = Universal Release|Win32
		Universal Unicode Debug|Win32 = Universal Unicode Debug|Win32
		Universal Unicode Release|Win32 = Universal Unicode Release|Win32
	EndGlobalSection
	GlobalSection(ProjectConfigurationPlatforms) = postSolution
		{7627981C-F1B1-4629-A7F2-B6F9A19402A5}.Debug|Win32.ActiveCfg = Debug|Win32
		{7627981C-F1B1-4629-A7F2-B6F9A19402A5}.Debug|Win32.Build.0 = Debug|Win32
		{7627981C-F1B1-4629-A7F2-B6F9A19402A5}.DLL Debug|Win32.ActiveCfg = Debug|Win32
		{7627981C-F1B1-4629-A7F2-B6F9A19402A5}.DLL Debug|Win32.Build.0 = Debug|Win32
		{7627981C-F1B1-4629-A7F2-B6F9A19402A5}.DLL Release|Win32.ActiveCfg = Release|Win32
		{7627981C-F1B1-4629-A7F2-B6F9A19402A5}.DLL Release|Win32.Build.0 = Release|Win32
		{7627981C-F1B1-4629-A7F2-B6F9A19402A5}.DLL Unicode Debug|Win32.ActiveCfg = Debug|Win32
		{7627981C-F1B1-4629-A7F2-B6F9A19402A5}.DLL Unicode Debug|Win32.Build.0 = Debug|Win32
		{7627981C-F1B1-4629-A7F2-B6F9A19402A5}.DLL Unicode Release|Win32.ActiveCfg = Release|Win32
		{7627981C-F1B1-4629-A7F2-B6F9A19402A5}.DLL Unicode Release|Win32.Build.0 = Release|Win32
		{7627981C-F1B1-4629-A7F2-B6F9A19402A5}.DLL Universal Debug|Win32.ActiveCfg = Debug|Win32
		{7627981C-F1B1-4629-A7F2-B6F9A19402A5}.DLL Universal Debug|Win32.Build.0 = Debug|Win32
		{7627981C-F1B1-4629-A7F2-B6F9A19402A5}.DLL Universal Release|Win32.ActiveCfg = Release|Win32
		{7627981C-F1B1-4629-A7F2-B6F9A19402A5}.DLL Universal Release|Win32.Build.0 = Release|Win32
		{7627981C-F1B1-4629-A7F2-B6F9A19402A5}.DLL Universal Unicode Debug|Win32.ActiveCfg = Debug|Win32
		{7627981C-F1B1-4629-A7F2-B6F9A19402A5}.DLL Universal Unicode Debug|Win32.Build.0 = Debug|Win32
		{7627981C-F1B1-4629-A7F2-B6F9A19402A5}.DLL Universal Unicode Release|Win32.ActiveCfg = Release|Win32
		{7627981C-F1B1-4629-A7F2-B6F9A19402A5}.DLL Universal Unicode Release|Win32.Build.0 = Release|Win32
		{7627981C-F1B1-4629-A7F2-B6F9A19402A5}.Release|Win32.ActiveCfg = Release|Win32
		{7627981C-F1B1-4629-A7F2-B6F9A19402A5}.Release|Win32.Build.0 = Release|Win32
		{7627981C-F1B1-4629-A7F2-B6F9A19402A5}.Unicode Debug|Win32.ActiveCfg = Debug|Win32
		{7627981C-F1B1-4629-A7F2-B6F9A19402A5}.Unicode Debug|Win32.Build.0 = Debug|Win32
		{7627981C-F1B1-4629-A7F2-B6F9A19402A5}.Unicode Release|Win32.ActiveCfg = Release|Win32
		{7627981C-F1B1-4629-A7F2-B6F9A19402A5}.Unicode Release|Win32.Build.0 = Release|Win32
		{7627981C-F1B1-4629-A7F2-B6F9A19402A5}.Universal Debug|Win32.ActiveCfg = Debug|Win32
		{7627981C-F1B1-4629-A7F2-B6F9A19402A5}.Universal Debug|Win32.Build.0 = Debug|Win32
		{7627981C-F1B1-4629-A7F2-B6F9A19402A5}.Universal Release|Win32.ActiveCfg = Release|Win32
		{7627981C-F1B1-4629-A7F2-B6F9A19402A5}.Universal Release|Win32.Build.0 = Release|Win32
		{7627981C-F1B1-4629-A7F2-B6F9A19402A5}.Universal Unicode Debug|Win32.ActiveCfg = Debug|Win32
		{7627981C-F1B1-4629-A7F2-B6F9A19402A5}.Universal Unicode Debug|Win32.Build.0 = Debug|Win32
		{7627981C-F1B1-4629-A7F2-B6F9A19402A5}.Universal Unicode Release|Win32.ActiveCfg = Release|Win32
		{7627981C-F1B1-4629-A7F2-B6F9A19402A5}.Universal Unicode Release|Win32.Build.0 = Release|Win32
		{B3C5A938-1853-49BD-8614-7B0E5A783A56}.Debug|Win32.ActiveCfg = Debug|Win32
		{B3C5A938-1853-49BD-8614-7B0E5A783A56}.Debug|Win32.Build.0 = Debug|Win32
		{B3C5A938-1853-49BD-8614-7B0E5A783A56}.DLL Debug|Win32.ActiveCfg = Debug|Win32
		{B3C5A938-1853-49BD-8614-7B0E5A783A56}.DLL Debug|Win32.Build.0 = Debug|Win32
		{B3C5A938-1853-49BD-8614-7B0E5A783A56}.DLL Release|Win32.ActiveCfg = Release|Win32
		{B3C5A938-1853-49BD-8614-7B0E5A783A56}.DLL Release|Win32.Build.0 = Release|Win32
		{B3C5A938-1853-49BD-8614-7B0E5A783A56}.DLL Unicode Debug|Win32.ActiveCfg = Debug|Win32
		{B3C5A938-1853-49BD-8614-7B0E5A783A56}.DLL Unicode Debug|Win32.Build.0 = Debug|Win32
		{B3C5A938-1853-49BD-8614-7B0E5A783A56}.DLL Unicode Release|Win32.ActiveCfg = Release|Win32
		{B3C5A938-1853-49BD-8614-7B0E5A783A56}.DLL Unicode Release|Win32.Build.0 = Release|Win32
		{B3C5A938-1853-49BD-8614-7B0E5A783A56}.DLL Universal Debug|Win32.ActiveCfg = Debug|Win32
		{B3C5A938-1853-49BD-8614-7B0E5A783A56}.DLL Universal Debug|Win32.Build.0 = Debug|Win32
		{B3C5A938-1853-49BD-8614-7B0E5A783A56}.DLL Universal Release|Win32.ActiveCfg = Release|Win32
		{B3C5A938-1853-49BD-8614-7B0E5A783A56}.DLL Universal Release|Win32.Build.0 = Release|Win32
		{B3C5A938-1853-49BD-8614-7B0E5A783A56}.DLL Universal Unicode Debug|Win32.ActiveCfg = Debug|Win32
		{B3C5A938-1853-49BD-8614-7B0E5A783A56}.DLL Universal Unicode Debug|Win32.Build.0 = Debug|Win32
		{B3C5A938-1853-49BD-8614-7B0E5A783A56}.DLL Universal Unicode Release|Win32.ActiveCfg = Release|Win32
		{B3C5A938-1853-49BD-8614-7B0E5A783A56}.DLL Universal Unicode Release|Win32.Build.0 = Release|Win32
		{B3C5A938-1853-49BD-8614-7B0E5A783A56}.Release|Win32.ActiveCfg = Release|Win32
		{B3C5A938-1853-49BD-8614-7B0E5A783A56}.Release|Win32.Build.0 = Release|Win32
		{B3C5A938-1853-49BD-8614-7B0E5A783A56}.Unicode Debug|Win32.ActiveCfg = Debug|Win32
		{B3C5A938-1853-49BD-8614-7B0E5A783A56}.Unicode Debug|Win32.Build.0 = Debug|Win32
		{B3C5A938-1853-49BD-8614-7B0E5A783A56}.Unicode Release|Win32.ActiveCfg = Release|Win32
		{B3C5A938-1853-49BD-8614-7B0E5A783A56}.Unicode Release|Win32.Build.0 = Release|Win32
		{B3C5A938-1853-49BD-8614-7B0E5A783A56}.Universal Debug|Win32.ActiveCfg = Debug|Win32
		{B3C5A938-1853-49BD-8614-7B0E5A783A56}.Universal Debug|Win32.Build.0 = Debug|Win32
		{B3C5A938-1853-49BD-8614-7B0E5A783A56}.Universal Release|Win32.ActiveCfg = Release|Win32
		{B3C5A938-1853-49BD-8614-7B0E5A783A56}.Universal Release|Win32.Build.0 = Release|Win32
		{B3C5A938-1853-49BD-8614-7B0E5A783A56}.Universal Unicode Debug|Win32.ActiveCfg = Debug|Win32
		{B3C5A938-1853-49BD-8614-7B0E5A783A56}.Universal Unicode Debug|Win32.Build.0 = Debug|Win32
		{B3C5A938-1853-49BD-8614-7B0E5A783A56}.Universal Unicode Release|Win32.ActiveCfg = Release|Win32
		{B3C5A938-1853-49BD-8614-7B0E5A783A56}.Universal Unicode Release|Win32.Build.0 = Release|Win32
		{812CC698-398B-440A-8648-39BEDD8E0F49}.Debug|Win32.ActiveCfg = Debug|Win32
		{812CC698-398B-440A-8648-39BEDD8E0F49}.Debug|Win32.Build.0 = Debug|Win32
		{812CC698-398B-440A-8648-39BEDD8E0F49}.DLL Debug|Win32.ActiveCfg = Debug|Win32
		{812CC698-398B-440A-8648-39BEDD8E0F49}.DLL Debug|Win32.Build.0 = Debug|Win32
		{812CC698-398B-440A-8648-39BEDD8E0F49}.DLL Release|Win32.ActiveCfg = Release|Win32
		{812CC698-398B-440A-8648-39BEDD8E0F49}.DLL Release|Win32.Build.0 = Release|Win32
		{812CC698-398B-440A-8648-39BEDD8E0F49}.DLL Unicode Debug|Win32.ActiveCfg = Debug|Win32
		{812CC698-398B-440A-8648-39BEDD8E0F49}.DLL Unicode Debug|Win32.Build.0 = Debug|Win32
		{812CC698-398B-440A-8648-39BEDD8E0F49}.DLL Unicode Release|Win32.ActiveCfg = Release|Win32
		{812CC698-398B-440A-8648-39BEDD8E0F49}.DLL Unicode Release|Win32.Build.0 = Release|Win32
		{812CC698-398B-440A-8648-39BEDD8E0F49}.DLL Universal Debug|Win32.ActiveCfg = Debug|Win32
		{812CC698-398B-440A-8648-39BEDD8E0F49}.DLL Universal Debug|Win32.Build.0 = Debug|Win32
		{812CC698-398B-440A-8648-39BEDD8E0F49}.DLL Universal Release|Win32.ActiveCfg = Release|Win32
		{812CC698-398B-440A-8648-39BEDD8E0F49}.DLL Universal Release|Win32.Build.0 = Release|Win32
		{812CC698-398B-440A-8648-39BEDD8E0F49}.DLL Universal Unicode Debug|Win32.ActiveCfg = Debug|Win32
		{812CC698-398B-440A-8648-39BEDD8E0F49}.DLL Universal Unicode Debug|Win32.Build.0 = Debug|Win32
		{812CC698-398B-440A-8648-39BEDD8E0F49}.DLL Universal Unicode Release|Win32.ActiveCfg = Release|Win32
		{812CC698-398B-440A-8648-39BEDD8E0F49}.DLL Universal Unicode Release|Win32.Build.0 = Release|Win32
		{812CC698-398B-440A-8648-39BEDD8E0F49}.Release|Win32.ActiveCfg = Release|Win32
		{812CC698-398B-440A-8648-39BEDD8E0F49}.Release|Win32.Build.0 = Release|Win32
		{812CC698-398B-440A-8648-39BEDD8E0F49}.Unicode Debug|Win32.ActiveCfg = Debug|Win32
		{812CC698-398B-440A-8648-39BEDD8E0F49}.Unicode Debug|Win32.Build.0 = Debug|Win32
		{812CC698-398B-440A-8648-39BEDD8E0F49}.Unicode Release|Win32.ActiveCfg = Release|Win32
		{812CC698-398B-440A-8648-39BEDD8E0F49}.Unicode Release|Win32.Build.0 = Release|Win32
		{812CC698-398B-440A-8648-39BEDD8E0F49}.Universal Debug|Win32.ActiveCfg = Debug|Win32
		{812CC698-398B-440A-8648-39BEDD8E0F49}.Universal Debug|Win32.Build.0 = Debug|Win32
		{812CC698-398B-440A-8648-39BEDD8E0F49}.Universal Release|Win32.ActiveCfg = Release|Win32
		{812CC698-398B-440A-8648-39BEDD8E0F49}.Universal Release|Win32.Build.0 = Release|Win32
		{812CC698-398B-440A-8648-39BEDD8E0F49}.Universal Unicode Debug|Win32.ActiveCfg = Debug|Win32
		{812CC698-398B-440A-8648-39BEDD8E0F49}.Universal Unicode Debug|Win32.Build.0 = Debug|Win32
		{812CC698-398B-440A-8648-39BEDD8E0F49}.Universal Unicode Release|Win32.ActiveCfg = Release|Win32
		{812CC698-398B-440A-8648-39BEDD8E0F49}.Universal Unicode Release|Win32.Build.0 = Release|Win32
	EndGlobalSection
	GlobalSection(SolutionProperties) = preSolution
		HideSolutionNode = FALSE
	EndGlobalSection
EndGlobal
